
Microsoft Visual Studio Solution File, Format Version 12.00
# Visual Studio 15
VisualStudioVersion = 15.0.28307.271
MinimumVisualStudioVersion = 10.0.40219.1
Project("{9A19103F-16F7-4668-BE54-9A1E7A4F7556}") = "01.BinaryTreeIntroduction", "01.BinaryTreeIntroduction\01.BinaryTreeIntroduction.csproj", "{32295A9B-40E6-4CAE-B5E9-F07D4086596E}"
EndProject
Project("{FAE04EC0-301F-11D3-BF4B-00C04F79EFBC}") = "02.AVLTree", "02.AVLTree\02.AVLTree.csproj", "{1F774CAF-40EE-4346-8915-3EB5CBF4CCBF}"
EndProject
Global
	GlobalSection(SolutionConfigurationPlatforms) = preSolution
		Debug|Any CPU = Debug|Any CPU
		Release|Any CPU = Release|Any CPU
	EndGlobalSection
	GlobalSection(ProjectConfigurationPlatforms) = postSolution
		{32295A9B-40E6-4CAE-B5E9-F07D4086596E}.Debug|Any CPU.ActiveCfg = Debug|Any CPU
		{32295A9B-40E6-4CAE-B5E9-F07D4086596E}.Debug|Any CPU.Build.0 = Debug|Any CPU
		{32295A9B-40E6-4CAE-B5E9-F07D4086596E}.Release|Any CPU.ActiveCfg = Release|Any CPU
		{32295A9B-40E6-4CAE-B5E9-F07D4086596E}.Release|Any CPU.Build.0 = Release|Any CPU
		{1F774CAF-40EE-4346-8915-3EB5CBF4CCBF}.Debug|Any CPU.ActiveCfg = Debug|Any CPU
		{1F774CAF-40EE-4346-8915-3EB5CBF4CCBF}.Debug|Any CPU.Build.0 = Debug|Any CPU
		{1F774CAF-40EE-4346-8915-3EB5CBF4CCBF}.Release|Any CPU.ActiveCfg = Release|Any CPU
		{1F774CAF-40EE-4346-8915-3EB5CBF4CCBF}.Release|Any CPU.Build.0 = Release|Any CPU
	EndGlobalSection
	GlobalSection(SolutionProperties) = preSolution
		HideSolutionNode = FALSE
	EndGlobalSection
	GlobalSection(ExtensibilityGlobals) = postSolution
		SolutionGuid = {A3178A67-C61A-419B-A50C-9266536C6976}
	EndGlobalSection
EndGlobal
