
Microsoft Visual Studio Solution File, Format Version 12.00
# Visual Studio 15
VisualStudioVersion = 15.0.28307.271
MinimumVisualStudioVersion = 10.0.40219.1
Project("{9A19103F-16F7-4668-BE54-9A1E7A4F7556}") = "Sorting.MergeSort", "Sorting.MergeSort\Sorting.MergeSort.csproj", "{14227E5D-B29B-46B0-A573-92720997A5BF}"
EndProject
Project("{9A19103F-16F7-4668-BE54-9A1E7A4F7556}") = "Sorting.QuickSort", "Sorting.QuickSort\Sorting.QuickSort.csproj", "{60449799-3DC3-4B00-ADC7-753CCAF62B3B}"
EndProject
Project("{9A19103F-16F7-4668-BE54-9A1E7A4F7556}") = "Sorting.RadixSort", "Sorting.RadixSort\Sorting.RadixSort.csproj", "{8C2AC588-FCC4-4794-8D1D-4CCF79AED8BB}"
EndProject
Project("{9A19103F-16F7-4668-BE54-9A1E7A4F7556}") = "Sorting.Example01.BigSort", "Sorting.Example01.BigSort\Sorting.Example01.BigSort.csproj", "{27F1E264-EEF8-4B4D-AAAB-4BC48C9C1D67}"
EndProject
Project("{9A19103F-16F7-4668-BE54-9A1E7A4F7556}") = "Sorting.Example02.BubleSort", "Sorting.Example02.BubleSort\Sorting.Example02.BubleSort.csproj", "{9870617E-71C5-4825-986D-FE8E69E4AD34}"
EndProject
Project("{9A19103F-16F7-4668-BE54-9A1E7A4F7556}") = "Sorting.Example03.FindMaxiumNumberOfToy", "Sorting.Example03.FindMaxiumNumberOfToy\Sorting.Example03.FindMaxiumNumberOfToy.csproj", "{A37C5E92-9FCC-48FC-AF2A-064E8ACAF7D5}"
EndProject
Project("{FAE04EC0-301F-11D3-BF4B-00C04F79EFBC}") = "Sorting.Example04.Comparator", "Sorting.Example04.Comparator\Sorting.Example04.Comparator.csproj", "{E8A36CD3-15AA-4A32-8CBB-338D65AC3AEE}"
EndProject
Global
	GlobalSection(SolutionConfigurationPlatforms) = preSolution
		Debug|Any CPU = Debug|Any CPU
		Release|Any CPU = Release|Any CPU
	EndGlobalSection
	GlobalSection(ProjectConfigurationPlatforms) = postSolution
		{14227E5D-B29B-46B0-A573-92720997A5BF}.Debug|Any CPU.ActiveCfg = Debug|Any CPU
		{14227E5D-B29B-46B0-A573-92720997A5BF}.Debug|Any CPU.Build.0 = Debug|Any CPU
		{14227E5D-B29B-46B0-A573-92720997A5BF}.Release|Any CPU.ActiveCfg = Release|Any CPU
		{14227E5D-B29B-46B0-A573-92720997A5BF}.Release|Any CPU.Build.0 = Release|Any CPU
		{60449799-3DC3-4B00-ADC7-753CCAF62B3B}.Debug|Any CPU.ActiveCfg = Debug|Any CPU
		{60449799-3DC3-4B00-ADC7-753CCAF62B3B}.Debug|Any CPU.Build.0 = Debug|Any CPU
		{60449799-3DC3-4B00-ADC7-753CCAF62B3B}.Release|Any CPU.ActiveCfg = Release|Any CPU
		{60449799-3DC3-4B00-ADC7-753CCAF62B3B}.Release|Any CPU.Build.0 = Release|Any CPU
		{8C2AC588-FCC4-4794-8D1D-4CCF79AED8BB}.Debug|Any CPU.ActiveCfg = Debug|Any CPU
		{8C2AC588-FCC4-4794-8D1D-4CCF79AED8BB}.Debug|Any CPU.Build.0 = Debug|Any CPU
		{8C2AC588-FCC4-4794-8D1D-4CCF79AED8BB}.Release|Any CPU.ActiveCfg = Release|Any CPU
		{8C2AC588-FCC4-4794-8D1D-4CCF79AED8BB}.Release|Any CPU.Build.0 = Release|Any CPU
		{27F1E264-EEF8-4B4D-AAAB-4BC48C9C1D67}.Debug|Any CPU.ActiveCfg = Debug|Any CPU
		{27F1E264-EEF8-4B4D-AAAB-4BC48C9C1D67}.Debug|Any CPU.Build.0 = Debug|Any CPU
		{27F1E264-EEF8-4B4D-AAAB-4BC48C9C1D67}.Release|Any CPU.ActiveCfg = Release|Any CPU
		{27F1E264-EEF8-4B4D-AAAB-4BC48C9C1D67}.Release|Any CPU.Build.0 = Release|Any CPU
		{9870617E-71C5-4825-986D-FE8E69E4AD34}.Debug|Any CPU.ActiveCfg = Debug|Any CPU
		{9870617E-71C5-4825-986D-FE8E69E4AD34}.Debug|Any CPU.Build.0 = Debug|Any CPU
		{9870617E-71C5-4825-986D-FE8E69E4AD34}.Release|Any CPU.ActiveCfg = Release|Any CPU
		{9870617E-71C5-4825-986D-FE8E69E4AD34}.Release|Any CPU.Build.0 = Release|Any CPU
		{A37C5E92-9FCC-48FC-AF2A-064E8ACAF7D5}.Debug|Any CPU.ActiveCfg = Debug|Any CPU
		{A37C5E92-9FCC-48FC-AF2A-064E8ACAF7D5}.Debug|Any CPU.Build.0 = Debug|Any CPU
		{A37C5E92-9FCC-48FC-AF2A-064E8ACAF7D5}.Release|Any CPU.ActiveCfg = Release|Any CPU
		{A37C5E92-9FCC-48FC-AF2A-064E8ACAF7D5}.Release|Any CPU.Build.0 = Release|Any CPU
		{E8A36CD3-15AA-4A32-8CBB-338D65AC3AEE}.Debug|Any CPU.ActiveCfg = Debug|Any CPU
		{E8A36CD3-15AA-4A32-8CBB-338D65AC3AEE}.Debug|Any CPU.Build.0 = Debug|Any CPU
		{E8A36CD3-15AA-4A32-8CBB-338D65AC3AEE}.Release|Any CPU.ActiveCfg = Release|Any CPU
		{E8A36CD3-15AA-4A32-8CBB-338D65AC3AEE}.Release|Any CPU.Build.0 = Release|Any CPU
	EndGlobalSection
	GlobalSection(SolutionProperties) = preSolution
		HideSolutionNode = FALSE
	EndGlobalSection
	GlobalSection(ExtensibilityGlobals) = postSolution
		SolutionGuid = {AC1454B8-B8FA-4AA7-A0A5-B3B8C90BB0AB}
	EndGlobalSection
EndGlobal
